
Microsoft Visual Studio Solution File, Format Version 12.00
# Visual Studio Version 16
VisualStudioVersion = 16.0.31105.61
MinimumVisualStudioVersion = 10.0.40219.1
Project("{FAE04EC0-301F-11D3-BF4B-00C04F79EFBC}") = "Ejercicio11", "Ejercicio11\Ejercicio11.csproj", "{E92D98BA-E0BB-49D3-8CA7-47AC50C3F382}"
EndProject
Global
	GlobalSection(SolutionConfigurationPlatforms) = preSolution
		Debug|Any CPU = Debug|Any CPU
		Release|Any CPU = Release|Any CPU
	EndGlobalSection
	GlobalSection(ProjectConfigurationPlatforms) = postSolution
		{E92D98BA-E0BB-49D3-8CA7-47AC50C3F382}.Debug|Any CPU.ActiveCfg = Debug|Any CPU
		{E92D98BA-E0BB-49D3-8CA7-47AC50C3F382}.Debug|Any CPU.Build.0 = Debug|Any CPU
		{E92D98BA-E0BB-49D3-8CA7-47AC50C3F382}.Release|Any CPU.ActiveCfg = Release|Any CPU
		{E92D98BA-E0BB-49D3-8CA7-47AC50C3F382}.Release|Any CPU.Build.0 = Release|Any CPU
	EndGlobalSection
	GlobalSection(SolutionProperties) = preSolution
		HideSolutionNode = FALSE
	EndGlobalSection
	GlobalSection(ExtensibilityGlobals) = postSolution
		SolutionGuid = {BCF60FB8-35E2-4443-BE23-718C93327C51}
	EndGlobalSection
EndGlobal
